
Microsoft Visual Studio Solution File, Format Version 12.00
# Visual Studio Version 16
VisualStudioVersion = 16.0.29728.190
MinimumVisualStudioVersion = 10.0.40219.1
Project("{FAE04EC0-301F-11D3-BF4B-00C04F79EFBC}") = "Rates-App", "Rates-App.csproj", "{BA300D75-88C3-405E-9BB8-26054EE4AF65}"
EndProject
Global
	GlobalSection(SolutionConfigurationPlatforms) = preSolution
		Debug|Any CPU = Debug|Any CPU
		Release|Any CPU = Release|Any CPU
	EndGlobalSection
	GlobalSection(ProjectConfigurationPlatforms) = postSolution
		{BA300D75-88C3-405E-9BB8-26054EE4AF65}.Debug|Any CPU.ActiveCfg = Debug|Any CPU
		{BA300D75-88C3-405E-9BB8-26054EE4AF65}.Debug|Any CPU.Build.0 = Debug|Any CPU
		{BA300D75-88C3-405E-9BB8-26054EE4AF65}.Release|Any CPU.ActiveCfg = Release|Any CPU
		{BA300D75-88C3-405E-9BB8-26054EE4AF65}.Release|Any CPU.Build.0 = Release|Any CPU
	EndGlobalSection
	GlobalSection(SolutionProperties) = preSolution
		HideSolutionNode = FALSE
	EndGlobalSection
	GlobalSection(ExtensibilityGlobals) = postSolution
		SolutionGuid = {64D02493-4DC5-45EE-B73C-D9E6BB841015}
	EndGlobalSection
EndGlobal
